// !$*UTF8*$!
{
	archiveVersion = 1;
	classes = {
	};
	objectVersion = 46;
	objects = {

/* Begin PBXBuildFile section */
		6E070B4A1D780F650026C7DD /* ViewControllerBase.swift in Sources */ = {isa = PBXBuildFile; fileRef = 6E070B491D780F650026C7DD /* ViewControllerBase.swift */; };
		6E070B4C1D780F880026C7DD /* ViewControllerTableBase.swift in Sources */ = {isa = PBXBuildFile; fileRef = 6E070B4B1D780F880026C7DD /* ViewControllerTableBase.swift */; };
		6E070B4E1D780FE00026C7DD /* ViewControllerCollectionBase.swift in Sources */ = {isa = PBXBuildFile; fileRef = 6E070B4D1D780FE00026C7DD /* ViewControllerCollectionBase.swift */; };
		6E070B511D7810350026C7DD /* ViewSongs.swift in Sources */ = {isa = PBXBuildFile; fileRef = 6E070B501D7810350026C7DD /* ViewSongs.swift */; };
		6E070B531D7810460026C7DD /* ViewAlbums.swift in Sources */ = {isa = PBXBuildFile; fileRef = 6E070B521D7810460026C7DD /* ViewAlbums.swift */; };
		6E070B551D7810580026C7DD /* ViewArtists.swift in Sources */ = {isa = PBXBuildFile; fileRef = 6E070B541D7810580026C7DD /* ViewArtists.swift */; };
		6E070B571D78106A0026C7DD /* ViewPlaylists.swift in Sources */ = {isa = PBXBuildFile; fileRef = 6E070B561D78106A0026C7DD /* ViewPlaylists.swift */; };
		6E3FFEDA1D7FFFC100131738 /* AddView.swift in Sources */ = {isa = PBXBuildFile; fileRef = 6E3FFED91D7FFFC100131738 /* AddView.swift */; };
		6E4CC96C1D7E63270089528E /* ListView.swift in Sources */ = {isa = PBXBuildFile; fileRef = 6E4CC96B1D7E63270089528E /* ListView.swift */; };
		6E4CC96F1D7E68080089528E /* Label.swift in Sources */ = {isa = PBXBuildFile; fileRef = 6E4CC96E1D7E68080089528E /* Label.swift */; };
		6E5AEF331D7D13C800A79254 /* Anh Bỏ Thuốc Em Sẽ Yêu - Lyna Thùy Linh.jpg in Resources */ = {isa = PBXBuildFile; fileRef = 6E5AEF321D7D13C800A79254 /* Anh Bỏ Thuốc Em Sẽ Yêu - Lyna Thùy Linh.jpg */; };
		6E5AEF351D7D13CE00A79254 /* Anh Cứ Đi Đi.jpg in Resources */ = {isa = PBXBuildFile; fileRef = 6E5AEF341D7D13CE00A79254 /* Anh Cứ Đi Đi.jpg */; };
		6E5AEF371D7D13D800A79254 /* Bí Mật Bị Thời Gian Vùi Lấp.jpg in Resources */ = {isa = PBXBuildFile; fileRef = 6E5AEF361D7D13D800A79254 /* Bí Mật Bị Thời Gian Vùi Lấp.jpg */; };
		6E5AEF391D7D13E500A79254 /* Yêu Một Người Không Sai.jpg in Resources */ = {isa = PBXBuildFile; fileRef = 6E5AEF381D7D13E500A79254 /* Yêu Một Người Không Sai.jpg */; };
		6E5AEF3B1D7D13F400A79254 /* Đếm Ngày Xa Em - Lou Hoàng,OnlyC.jpg in Resources */ = {isa = PBXBuildFile; fileRef = 6E5AEF3A1D7D13F400A79254 /* Đếm Ngày Xa Em - Lou Hoàng,OnlyC.jpg */; };
		6E5AEF411D7D143900A79254 /* Chiến Binh.jpg in Resources */ = {isa = PBXBuildFile; fileRef = 6E5AEF3E1D7D143900A79254 /* Chiến Binh.jpg */; };
		6E5AEF421D7D143900A79254 /* Chỉ Mong Trái Tim Người.jpg in Resources */ = {isa = PBXBuildFile; fileRef = 6E5AEF3F1D7D143900A79254 /* Chỉ Mong Trái Tim Người.jpg */; };
		6E5AEF431D7D143900A79254 /* Tình Yêu Nhạt Màu (Bí Mật Bị Thời Gian Vùi Lấp OST).jpg in Resources */ = {isa = PBXBuildFile; fileRef = 6E5AEF401D7D143900A79254 /* Tình Yêu Nhạt Màu (Bí Mật Bị Thời Gian Vùi Lấp OST).jpg */; };
		6E5AEF471D7D148400A79254 /* Anh Cứ Đi Đi - Hari Won.jpg in Resources */ = {isa = PBXBuildFile; fileRef = 6E5AEF451D7D148400A79254 /* Anh Cứ Đi Đi - Hari Won.jpg */; };
		6E5AEF481D7D148400A79254 /* Điệp Khúc Mùa Xuân.jpg in Resources */ = {isa = PBXBuildFile; fileRef = 6E5AEF461D7D148400A79254 /* Điệp Khúc Mùa Xuân.jpg */; };
		6E5AEF4D1D7D148C00A79254 /* LOUHOANG.jpg in Resources */ = {isa = PBXBuildFile; fileRef = 6E5AEF4A1D7D148C00A79254 /* LOUHOANG.jpg */; };
		6E5AEF4E1D7D148C00A79254 /* Yêu Một Người Có Lẽ.jpg in Resources */ = {isa = PBXBuildFile; fileRef = 6E5AEF4B1D7D148C00A79254 /* Yêu Một Người Có Lẽ.jpg */; };
		6E5AEF4F1D7D148C00A79254 /* Đếm Ngày Xa Em.jpg in Resources */ = {isa = PBXBuildFile; fileRef = 6E5AEF4C1D7D148C00A79254 /* Đếm Ngày Xa Em.jpg */; };
		6E5AEF541D7D149A00A79254 /* Anh Bỏ Thuốc Em Sẽ Yêu.jpg in Resources */ = {isa = PBXBuildFile; fileRef = 6E5AEF511D7D149A00A79254 /* Anh Bỏ Thuốc Em Sẽ Yêu.jpg */; };
		6E5AEF551D7D149A00A79254 /* Gái Nhà Lành.jpg in Resources */ = {isa = PBXBuildFile; fileRef = 6E5AEF521D7D149A00A79254 /* Gái Nhà Lành.jpg */; };
		6E5AEF561D7D149A00A79254 /* LYNA THÙY LINH.jpg in Resources */ = {isa = PBXBuildFile; fileRef = 6E5AEF531D7D149A00A79254 /* LYNA THÙY LINH.jpg */; };
		6E5AEF5A1D7D14A600A79254 /* Chủ Nhật Buồn.jpg in Resources */ = {isa = PBXBuildFile; fileRef = 6E5AEF581D7D14A600A79254 /* Chủ Nhật Buồn.jpg */; };
		6E5AEF5B1D7D14A600A79254 /* Yêu Một Người Không Sai.jpg in Resources */ = {isa = PBXBuildFile; fileRef = 6E5AEF591D7D14A600A79254 /* Yêu Một Người Không Sai.jpg */; };
		6EF5363B1D7ECF6A009F84CC /* Protocol.swift in Sources */ = {isa = PBXBuildFile; fileRef = 6EF5363A1D7ECF6A009F84CC /* Protocol.swift */; };
		6EF67DE21D757A1100ED8EAA /* AppDelegate.swift in Sources */ = {isa = PBXBuildFile; fileRef = 6EF67DE11D757A1100ED8EAA /* AppDelegate.swift */; };
		6EF67DE41D757A1100ED8EAA /* ViewController.swift in Sources */ = {isa = PBXBuildFile; fileRef = 6EF67DE31D757A1100ED8EAA /* ViewController.swift */; };
		6EF67DE71D757A1100ED8EAA /* Main.storyboard in Resources */ = {isa = PBXBuildFile; fileRef = 6EF67DE51D757A1100ED8EAA /* Main.storyboard */; };
		6EF67DE91D757A1100ED8EAA /* Assets.xcassets in Resources */ = {isa = PBXBuildFile; fileRef = 6EF67DE81D757A1100ED8EAA /* Assets.xcassets */; };
		6EF67DEC1D757A1100ED8EAA /* LaunchScreen.storyboard in Resources */ = {isa = PBXBuildFile; fileRef = 6EF67DEA1D757A1100ED8EAA /* LaunchScreen.storyboard */; };
		6EF67E001D757AE700ED8EAA /* FMDatabase.m in Sources */ = {isa = PBXBuildFile; fileRef = 6EF67DF51D757AE700ED8EAA /* FMDatabase.m */; };
		6EF67E011D757AE700ED8EAA /* FMDatabaseAdditions.m in Sources */ = {isa = PBXBuildFile; fileRef = 6EF67DF71D757AE700ED8EAA /* FMDatabaseAdditions.m */; };
		6EF67E021D757AE700ED8EAA /* FMDatabasePool.m in Sources */ = {isa = PBXBuildFile; fileRef = 6EF67DF91D757AE700ED8EAA /* FMDatabasePool.m */; };
		6EF67E031D757AE700ED8EAA /* FMDatabaseQueue.m in Sources */ = {isa = PBXBuildFile; fileRef = 6EF67DFB1D757AE700ED8EAA /* FMDatabaseQueue.m */; };
		6EF67E041D757AE700ED8EAA /* FMResultSet.m in Sources */ = {isa = PBXBuildFile; fileRef = 6EF67DFE1D757AE700ED8EAA /* FMResultSet.m */; };
		6EF67E051D757AE700ED8EAA /* Info.plist in Resources */ = {isa = PBXBuildFile; fileRef = 6EF67DFF1D757AE700ED8EAA /* Info.plist */; };
		6EF67E071D757F4D00ED8EAA /* libsqlite3.dylib in Frameworks */ = {isa = PBXBuildFile; fileRef = 6EF67E061D757F4D00ED8EAA /* libsqlite3.dylib */; };
		6EF67E0B1D757FE600ED8EAA /* DataBase.swift in Sources */ = {isa = PBXBuildFile; fileRef = 6EF67E0A1D757FE600ED8EAA /* DataBase.swift */; };
		6EF8AF471D7D601C002A8638 /* TableViewCellBase.swift in Sources */ = {isa = PBXBuildFile; fileRef = 6EF8AF461D7D601C002A8638 /* TableViewCellBase.swift */; };
		6EF8AF491D7D71B1002A8638 /* TableViewCellSong.swift in Sources */ = {isa = PBXBuildFile; fileRef = 6EF8AF481D7D71B1002A8638 /* TableViewCellSong.swift */; };
		6EF8AF4B1D7D71C0002A8638 /* TableViewCellArtist.swift in Sources */ = {isa = PBXBuildFile; fileRef = 6EF8AF4A1D7D71C0002A8638 /* TableViewCellArtist.swift */; };
		6EF8AF4D1D7D71CE002A8638 /* TableViewCellPlaylist.swift in Sources */ = {isa = PBXBuildFile; fileRef = 6EF8AF4C1D7D71CE002A8638 /* TableViewCellPlaylist.swift */; };
/* End PBXBuildFile section */

/* Begin PBXFileReference section */
		6E070B491D780F650026C7DD /* ViewControllerBase.swift */ = {isa = PBXFileReference; fileEncoding = 4; lastKnownFileType = sourcecode.swift; path = ViewControllerBase.swift; sourceTree = "<group>"; };
		6E070B4B1D780F880026C7DD /* ViewControllerTableBase.swift */ = {isa = PBXFileReference; fileEncoding = 4; lastKnownFileType = sourcecode.swift; path = ViewControllerTableBase.swift; sourceTree = "<group>"; };
		6E070B4D1D780FE00026C7DD /* ViewControllerCollectionBase.swift */ = {isa = PBXFileReference; fileEncoding = 4; lastKnownFileType = sourcecode.swift; path = ViewControllerCollectionBase.swift; sourceTree = "<group>"; };
		6E070B501D7810350026C7DD /* ViewSongs.swift */ = {isa = PBXFileReference; fileEncoding = 4; lastKnownFileType = sourcecode.swift; path = ViewSongs.swift; sourceTree = "<group>"; };
		6E070B521D7810460026C7DD /* ViewAlbums.swift */ = {isa = PBXFileReference; fileEncoding = 4; lastKnownFileType = sourcecode.swift; path = ViewAlbums.swift; sourceTree = "<group>"; };
		6E070B541D7810580026C7DD /* ViewArtists.swift */ = {isa = PBXFileReference; fileEncoding = 4; lastKnownFileType = sourcecode.swift; path = ViewArtists.swift; sourceTree = "<group>"; };
		6E070B561D78106A0026C7DD /* ViewPlaylists.swift */ = {isa = PBXFileReference; fileEncoding = 4; lastKnownFileType = sourcecode.swift; path = ViewPlaylists.swift; sourceTree = "<group>"; };
		6E3FFED91D7FFFC100131738 /* AddView.swift */ = {isa = PBXFileReference; fileEncoding = 4; lastKnownFileType = sourcecode.swift; path = AddView.swift; sourceTree = "<group>"; };
		6E4CC96B1D7E63270089528E /* ListView.swift */ = {isa = PBXFileReference; fileEncoding = 4; lastKnownFileType = sourcecode.swift; path = ListView.swift; sourceTree = "<group>"; };
		6E4CC96E1D7E68080089528E /* Label.swift */ = {isa = PBXFileReference; fileEncoding = 4; lastKnownFileType = sourcecode.swift; path = Label.swift; sourceTree = "<group>"; };
		6E5AEF321D7D13C800A79254 /* Anh Bỏ Thuốc Em Sẽ Yêu - Lyna Thùy Linh.jpg */ = {isa = PBXFileReference; lastKnownFileType = image.jpeg; path = "Anh Bỏ Thuốc Em Sẽ Yêu - Lyna Thùy Linh.jpg"; sourceTree = "<group>"; };
		6E5AEF341D7D13CE00A79254 /* Anh Cứ Đi Đi.jpg */ = {isa = PBXFileReference; lastKnownFileType = image.jpeg; path = "Anh Cứ Đi Đi.jpg"; sourceTree = "<group>"; };
		6E5AEF361D7D13D800A79254 /* Bí Mật Bị Thời Gian Vùi Lấp.jpg */ = {isa = PBXFileReference; lastKnownFileType = image.jpeg; path = "Bí Mật Bị Thời Gian Vùi Lấp.jpg"; sourceTree = "<group>"; };
		6E5AEF381D7D13E500A79254 /* Yêu Một Người Không Sai.jpg */ = {isa = PBXFileReference; lastKnownFileType = image.jpeg; path = "Yêu Một Người Không Sai.jpg"; sourceTree = "<group>"; };
		6E5AEF3A1D7D13F400A79254 /* Đếm Ngày Xa Em - Lou Hoàng,OnlyC.jpg */ = {isa = PBXFileReference; lastKnownFileType = image.jpeg; path = "Đếm Ngày Xa Em - Lou Hoàng,OnlyC.jpg"; sourceTree = "<group>"; };
		6E5AEF3E1D7D143900A79254 /* Chiến Binh.jpg */ = {isa = PBXFileReference; lastKnownFileType = image.jpeg; path = "Chiến Binh.jpg"; sourceTree = "<group>"; };
		6E5AEF3F1D7D143900A79254 /* Chỉ Mong Trái Tim Người.jpg */ = {isa = PBXFileReference; lastKnownFileType = image.jpeg; path = "Chỉ Mong Trái Tim Người.jpg"; sourceTree = "<group>"; };
		6E5AEF401D7D143900A79254 /* Tình Yêu Nhạt Màu (Bí Mật Bị Thời Gian Vùi Lấp OST).jpg */ = {isa = PBXFileReference; lastKnownFileType = image.jpeg; path = "Tình Yêu Nhạt Màu (Bí Mật Bị Thời Gian Vùi Lấp OST).jpg"; sourceTree = "<group>"; };
		6E5AEF451D7D148400A79254 /* Anh Cứ Đi Đi - Hari Won.jpg */ = {isa = PBXFileReference; lastKnownFileType = image.jpeg; path = "Anh Cứ Đi Đi - Hari Won.jpg"; sourceTree = "<group>"; };
		6E5AEF461D7D148400A79254 /* Điệp Khúc Mùa Xuân.jpg */ = {isa = PBXFileReference; lastKnownFileType = image.jpeg; path = "Điệp Khúc Mùa Xuân.jpg"; sourceTree = "<group>"; };
		6E5AEF4A1D7D148C00A79254 /* LOUHOANG.jpg */ = {isa = PBXFileReference; lastKnownFileType = image.jpeg; path = LOUHOANG.jpg; sourceTree = "<group>"; };
		6E5AEF4B1D7D148C00A79254 /* Yêu Một Người Có Lẽ.jpg */ = {isa = PBXFileReference; lastKnownFileType = image.jpeg; path = "Yêu Một Người Có Lẽ.jpg"; sourceTree = "<group>"; };
		6E5AEF4C1D7D148C00A79254 /* Đếm Ngày Xa Em.jpg */ = {isa = PBXFileReference; lastKnownFileType = image.jpeg; path = "Đếm Ngày Xa Em.jpg"; sourceTree = "<group>"; };
		6E5AEF511D7D149A00A79254 /* Anh Bỏ Thuốc Em Sẽ Yêu.jpg */ = {isa = PBXFileReference; lastKnownFileType = image.jpeg; path = "Anh Bỏ Thuốc Em Sẽ Yêu.jpg"; sourceTree = "<group>"; };
		6E5AEF521D7D149A00A79254 /* Gái Nhà Lành.jpg */ = {isa = PBXFileReference; lastKnownFileType = image.jpeg; path = "Gái Nhà Lành.jpg"; sourceTree = "<group>"; };
		6E5AEF531D7D149A00A79254 /* LYNA THÙY LINH.jpg */ = {isa = PBXFileReference; lastKnownFileType = image.jpeg; path = "LYNA THÙY LINH.jpg"; sourceTree = "<group>"; };
		6E5AEF581D7D14A600A79254 /* Chủ Nhật Buồn.jpg */ = {isa = PBXFileReference; lastKnownFileType = image.jpeg; path = "Chủ Nhật Buồn.jpg"; sourceTree = "<group>"; };
		6E5AEF591D7D14A600A79254 /* Yêu Một Người Không Sai.jpg */ = {isa = PBXFileReference; lastKnownFileType = image.jpeg; path = "Yêu Một Người Không Sai.jpg"; sourceTree = "<group>"; };
		6EF5363A1D7ECF6A009F84CC /* Protocol.swift */ = {isa = PBXFileReference; fileEncoding = 4; lastKnownFileType = sourcecode.swift; path = Protocol.swift; sourceTree = "<group>"; };
		6EF67DDE1D757A1100ED8EAA /* SQLITE_MUSIC.app */ = {isa = PBXFileReference; explicitFileType = wrapper.application; includeInIndex = 0; path = SQLITE_MUSIC.app; sourceTree = BUILT_PRODUCTS_DIR; };
		6EF67DE11D757A1100ED8EAA /* AppDelegate.swift */ = {isa = PBXFileReference; lastKnownFileType = sourcecode.swift; path = AppDelegate.swift; sourceTree = "<group>"; };
		6EF67DE31D757A1100ED8EAA /* ViewController.swift */ = {isa = PBXFileReference; lastKnownFileType = sourcecode.swift; path = ViewController.swift; sourceTree = "<group>"; };
		6EF67DE61D757A1100ED8EAA /* Base */ = {isa = PBXFileReference; lastKnownFileType = file.storyboard; name = Base; path = Base.lproj/Main.storyboard; sourceTree = "<group>"; };
		6EF67DE81D757A1100ED8EAA /* Assets.xcassets */ = {isa = PBXFileReference; lastKnownFileType = folder.assetcatalog; path = Assets.xcassets; sourceTree = "<group>"; };
		6EF67DEB1D757A1100ED8EAA /* Base */ = {isa = PBXFileReference; lastKnownFileType = file.storyboard; name = Base; path = Base.lproj/LaunchScreen.storyboard; sourceTree = "<group>"; };
		6EF67DED1D757A1100ED8EAA /* Info.plist */ = {isa = PBXFileReference; lastKnownFileType = text.plist.xml; path = Info.plist; sourceTree = "<group>"; };
		6EF67DF41D757AE700ED8EAA /* FMDatabase.h */ = {isa = PBXFileReference; fileEncoding = 4; lastKnownFileType = sourcecode.c.h; path = FMDatabase.h; sourceTree = "<group>"; };
		6EF67DF51D757AE700ED8EAA /* FMDatabase.m */ = {isa = PBXFileReference; fileEncoding = 4; lastKnownFileType = sourcecode.c.objc; path = FMDatabase.m; sourceTree = "<group>"; };
		6EF67DF61D757AE700ED8EAA /* FMDatabaseAdditions.h */ = {isa = PBXFileReference; fileEncoding = 4; lastKnownFileType = sourcecode.c.h; path = FMDatabaseAdditions.h; sourceTree = "<group>"; };
		6EF67DF71D757AE700ED8EAA /* FMDatabaseAdditions.m */ = {isa = PBXFileReference; fileEncoding = 4; lastKnownFileType = sourcecode.c.objc; path = FMDatabaseAdditions.m; sourceTree = "<group>"; };
		6EF67DF81D757AE700ED8EAA /* FMDatabasePool.h */ = {isa = PBXFileReference; fileEncoding = 4; lastKnownFileType = sourcecode.c.h; path = FMDatabasePool.h; sourceTree = "<group>"; };
		6EF67DF91D757AE700ED8EAA /* FMDatabasePool.m */ = {isa = PBXFileReference; fileEncoding = 4; lastKnownFileType = sourcecode.c.objc; path = FMDatabasePool.m; sourceTree = "<group>"; };
		6EF67DFA1D757AE700ED8EAA /* FMDatabaseQueue.h */ = {isa = PBXFileReference; fileEncoding = 4; lastKnownFileType = sourcecode.c.h; path = FMDatabaseQueue.h; sourceTree = "<group>"; };
		6EF67DFB1D757AE700ED8EAA /* FMDatabaseQueue.m */ = {isa = PBXFileReference; fileEncoding = 4; lastKnownFileType = sourcecode.c.objc; path = FMDatabaseQueue.m; sourceTree = "<group>"; };
		6EF67DFC1D757AE700ED8EAA /* FMDB.h */ = {isa = PBXFileReference; fileEncoding = 4; lastKnownFileType = sourcecode.c.h; path = FMDB.h; sourceTree = "<group>"; };
		6EF67DFD1D757AE700ED8EAA /* FMResultSet.h */ = {isa = PBXFileReference; fileEncoding = 4; lastKnownFileType = sourcecode.c.h; path = FMResultSet.h; sourceTree = "<group>"; };
		6EF67DFE1D757AE700ED8EAA /* FMResultSet.m */ = {isa = PBXFileReference; fileEncoding = 4; lastKnownFileType = sourcecode.c.objc; path = FMResultSet.m; sourceTree = "<group>"; };
		6EF67DFF1D757AE700ED8EAA /* Info.plist */ = {isa = PBXFileReference; fileEncoding = 4; lastKnownFileType = text.plist.xml; path = Info.plist; sourceTree = "<group>"; };
		6EF67E061D757F4D00ED8EAA /* libsqlite3.dylib */ = {isa = PBXFileReference; lastKnownFileType = "compiled.mach-o.dylib"; name = libsqlite3.dylib; path = ../../../../../../usr/lib/libsqlite3.dylib; sourceTree = "<group>"; };
		6EF67E0A1D757FE600ED8EAA /* DataBase.swift */ = {isa = PBXFileReference; fileEncoding = 4; lastKnownFileType = sourcecode.swift; path = DataBase.swift; sourceTree = "<group>"; };
		6EF67E0C1D75802C00ED8EAA /* SQLITE_MUSIC-Briding-Header.h */ = {isa = PBXFileReference; lastKnownFileType = sourcecode.c.h; name = "SQLITE_MUSIC-Briding-Header.h"; path = "../SQLITE_MUSIC-Briding-Header.h"; sourceTree = "<group>"; };
		6EF8AF461D7D601C002A8638 /* TableViewCellBase.swift */ = {isa = PBXFileReference; fileEncoding = 4; lastKnownFileType = sourcecode.swift; path = TableViewCellBase.swift; sourceTree = "<group>"; };
		6EF8AF481D7D71B1002A8638 /* TableViewCellSong.swift */ = {isa = PBXFileReference; fileEncoding = 4; lastKnownFileType = sourcecode.swift; path = TableViewCellSong.swift; sourceTree = "<group>"; };
		6EF8AF4A1D7D71C0002A8638 /* TableViewCellArtist.swift */ = {isa = PBXFileReference; fileEncoding = 4; lastKnownFileType = sourcecode.swift; path = TableViewCellArtist.swift; sourceTree = "<group>"; };
		6EF8AF4C1D7D71CE002A8638 /* TableViewCellPlaylist.swift */ = {isa = PBXFileReference; fileEncoding = 4; lastKnownFileType = sourcecode.swift; path = TableViewCellPlaylist.swift; sourceTree = "<group>"; };
/* End PBXFileReference section */

/* Begin PBXFrameworksBuildPhase section */
		6EF67DDB1D757A1100ED8EAA /* Frameworks */ = {
			isa = PBXFrameworksBuildPhase;
			buildActionMask = 2147483647;
			files = (
				6EF67E071D757F4D00ED8EAA /* libsqlite3.dylib in Frameworks */,
			);
			runOnlyForDeploymentPostprocessing = 0;
		};
/* End PBXFrameworksBuildPhase section */

/* Begin PBXGroup section */
		6E070B471D780F070026C7DD /* DataBase */ = {
			isa = PBXGroup;
			children = (
				6EF67E0A1D757FE600ED8EAA /* DataBase.swift */,
			);
			name = DataBase;
			sourceTree = "<group>";
		};
		6E070B481D780F2A0026C7DD /* ViewBase */ = {
			isa = PBXGroup;
			children = (
				6E070B491D780F650026C7DD /* ViewControllerBase.swift */,
				6E070B4B1D780F880026C7DD /* ViewControllerTableBase.swift */,
				6E070B4D1D780FE00026C7DD /* ViewControllerCollectionBase.swift */,
			);
			name = ViewBase;
			sourceTree = "<group>";
		};
		6E070B4F1D78101F0026C7DD /* Views */ = {
			isa = PBXGroup;
			children = (
				6E070B501D7810350026C7DD /* ViewSongs.swift */,
				6E070B521D7810460026C7DD /* ViewAlbums.swift */,
				6E070B541D7810580026C7DD /* ViewArtists.swift */,
				6E070B561D78106A0026C7DD /* ViewPlaylists.swift */,
			);
			name = Views;
			sourceTree = "<group>";
		};
		6E3FFED81D7FFAB800131738 /* AddView */ = {
			isa = PBXGroup;
			children = (
				6E3FFED91D7FFFC100131738 /* AddView.swift */,
			);
			name = AddView;
			sourceTree = "<group>";
		};
		6E4CC96A1D7E62D70089528E /* ListView */ = {
			isa = PBXGroup;
			children = (
				6E4CC96B1D7E63270089528E /* ListView.swift */,
			);
			name = ListView;
			sourceTree = "<group>";
		};
		6E4CC96D1D7E67F60089528E /* Model */ = {
			isa = PBXGroup;
			children = (
				6E4CC96E1D7E68080089528E /* Label.swift */,
				6EF5363A1D7ECF6A009F84CC /* Protocol.swift */,
			);
			name = Model;
			sourceTree = "<group>";
		};
		6E5AEF301D7D136100A79254 /* Resource */ = {
			isa = PBXGroup;
			children = (
				6E3FFED81D7FFAB800131738 /* AddView */,
				6E4CC96D1D7E67F60089528E /* Model */,
				6E4CC96A1D7E62D70089528E /* ListView */,
				6E5AEF3C1D7D142300A79254 /* Artist */,
				6E5AEF311D7D13AC00A79254 /* Album */,
			);
			name = Resource;
			sourceTree = "<group>";
		};
		6E5AEF311D7D13AC00A79254 /* Album */ = {
			isa = PBXGroup;
			children = (
				6E5AEF321D7D13C800A79254 /* Anh Bỏ Thuốc Em Sẽ Yêu - Lyna Thùy Linh.jpg */,
				6E5AEF341D7D13CE00A79254 /* Anh Cứ Đi Đi.jpg */,
				6E5AEF381D7D13E500A79254 /* Yêu Một Người Không Sai.jpg */,
				6E5AEF3A1D7D13F400A79254 /* Đếm Ngày Xa Em - Lou Hoàng,OnlyC.jpg */,
				6E5AEF361D7D13D800A79254 /* Bí Mật Bị Thời Gian Vùi Lấp.jpg */,
			);
			name = Album;
			sourceTree = "<group>";
		};
		6E5AEF3C1D7D142300A79254 /* Artist */ = {
			isa = PBXGroup;
			children = (
				6E5AEF571D7D14A600A79254 /* MAI FIN */,
				6E5AEF501D7D149A00A79254 /* LYNA THUỲ LINH */,
				6E5AEF491D7D148C00A79254 /* LOU HOÀNG */,
				6E5AEF441D7D148400A79254 /* HariWon */,
				6E5AEF3D1D7D143900A79254 /* Chí Thiện */,
			);
			name = Artist;
			sourceTree = "<group>";
		};
		6E5AEF3D1D7D143900A79254 /* Chí Thiện */ = {
			isa = PBXGroup;
			children = (
				6E5AEF3E1D7D143900A79254 /* Chiến Binh.jpg */,
				6E5AEF3F1D7D143900A79254 /* Chỉ Mong Trái Tim Người.jpg */,
				6E5AEF401D7D143900A79254 /* Tình Yêu Nhạt Màu (Bí Mật Bị Thời Gian Vùi Lấp OST).jpg */,
			);
			path = "Chí Thiện";
			sourceTree = "<group>";
		};
		6E5AEF441D7D148400A79254 /* HariWon */ = {
			isa = PBXGroup;
			children = (
				6E5AEF451D7D148400A79254 /* Anh Cứ Đi Đi - Hari Won.jpg */,
				6E5AEF461D7D148400A79254 /* Điệp Khúc Mùa Xuân.jpg */,
			);
			path = HariWon;
			sourceTree = "<group>";
		};
		6E5AEF491D7D148C00A79254 /* LOU HOÀNG */ = {
			isa = PBXGroup;
			children = (
				6E5AEF4A1D7D148C00A79254 /* LOUHOANG.jpg */,
				6E5AEF4B1D7D148C00A79254 /* Yêu Một Người Có Lẽ.jpg */,
				6E5AEF4C1D7D148C00A79254 /* Đếm Ngày Xa Em.jpg */,
			);
			path = "LOU HOÀNG";
			sourceTree = "<group>";
		};
		6E5AEF501D7D149A00A79254 /* LYNA THUỲ LINH */ = {
			isa = PBXGroup;
			children = (
				6E5AEF511D7D149A00A79254 /* Anh Bỏ Thuốc Em Sẽ Yêu.jpg */,
				6E5AEF521D7D149A00A79254 /* Gái Nhà Lành.jpg */,
				6E5AEF531D7D149A00A79254 /* LYNA THÙY LINH.jpg */,
			);
			path = "LYNA THUỲ LINH";
			sourceTree = "<group>";
		};
		6E5AEF571D7D14A600A79254 /* MAI FIN */ = {
			isa = PBXGroup;
			children = (
				6E5AEF581D7D14A600A79254 /* Chủ Nhật Buồn.jpg */,
				6E5AEF591D7D14A600A79254 /* Yêu Một Người Không Sai.jpg */,
			);
			path = "MAI FIN";
			sourceTree = "<group>";
		};
		6EF67DD51D757A1100ED8EAA = {
			isa = PBXGroup;
			children = (
				6EF67E061D757F4D00ED8EAA /* libsqlite3.dylib */,
				6EF67DE01D757A1100ED8EAA /* SQLITE_MUSIC */,
				6EF67DDF1D757A1100ED8EAA /* Products */,
			);
			sourceTree = "<group>";
		};
		6EF67DDF1D757A1100ED8EAA /* Products */ = {
			isa = PBXGroup;
			children = (
				6EF67DDE1D757A1100ED8EAA /* SQLITE_MUSIC.app */,
			);
			name = Products;
			sourceTree = "<group>";
		};
		6EF67DE01D757A1100ED8EAA /* SQLITE_MUSIC */ = {
			isa = PBXGroup;
			children = (
				6E5AEF301D7D136100A79254 /* Resource */,
				6EF8AF451D7D5FDB002A8638 /* UITableViewCell */,
				6EF67DF31D757AE700ED8EAA /* fmdb */,
				6E070B4F1D78101F0026C7DD /* Views */,
				6E070B481D780F2A0026C7DD /* ViewBase */,
				6E070B471D780F070026C7DD /* DataBase */,
				6EF67DE11D757A1100ED8EAA /* AppDelegate.swift */,
				6EF67DE31D757A1100ED8EAA /* ViewController.swift */,
				6EF67DE51D757A1100ED8EAA /* Main.storyboard */,
				6EF67DE81D757A1100ED8EAA /* Assets.xcassets */,
				6EF67DEA1D757A1100ED8EAA /* LaunchScreen.storyboard */,
				6EF67DED1D757A1100ED8EAA /* Info.plist */,
			);
			path = SQLITE_MUSIC;
			sourceTree = "<group>";
		};
		6EF67DF31D757AE700ED8EAA /* fmdb */ = {
			isa = PBXGroup;
			children = (
				6EF67DF41D757AE700ED8EAA /* FMDatabase.h */,
				6EF67DF51D757AE700ED8EAA /* FMDatabase.m */,
				6EF67DF61D757AE700ED8EAA /* FMDatabaseAdditions.h */,
				6EF67DF71D757AE700ED8EAA /* FMDatabaseAdditions.m */,
				6EF67DF81D757AE700ED8EAA /* FMDatabasePool.h */,
				6EF67DF91D757AE700ED8EAA /* FMDatabasePool.m */,
				6EF67DFA1D757AE700ED8EAA /* FMDatabaseQueue.h */,
				6EF67DFB1D757AE700ED8EAA /* FMDatabaseQueue.m */,
				6EF67DFC1D757AE700ED8EAA /* FMDB.h */,
				6EF67DFD1D757AE700ED8EAA /* FMResultSet.h */,
				6EF67DFE1D757AE700ED8EAA /* FMResultSet.m */,
				6EF67E0C1D75802C00ED8EAA /* SQLITE_MUSIC-Briding-Header.h */,
				6EF67DFF1D757AE700ED8EAA /* Info.plist */,
			);
			path = fmdb;
			sourceTree = "<group>";
		};
		6EF8AF451D7D5FDB002A8638 /* UITableViewCell */ = {
			isa = PBXGroup;
			children = (
				6EF8AF461D7D601C002A8638 /* TableViewCellBase.swift */,
				6EF8AF481D7D71B1002A8638 /* TableViewCellSong.swift */,
				6EF8AF4A1D7D71C0002A8638 /* TableViewCellArtist.swift */,
				6EF8AF4C1D7D71CE002A8638 /* TableViewCellPlaylist.swift */,
			);
			name = UITableViewCell;
			sourceTree = "<group>";
		};
/* End PBXGroup section */

/* Begin PBXNativeTarget section */
		6EF67DDD1D757A1100ED8EAA /* SQLITE_MUSIC */ = {
			isa = PBXNativeTarget;
			buildConfigurationList = 6EF67DF01D757A1100ED8EAA /* Build configuration list for PBXNativeTarget "SQLITE_MUSIC" */;
			buildPhases = (
				6EF67DDA1D757A1100ED8EAA /* Sources */,
				6EF67DDB1D757A1100ED8EAA /* Frameworks */,
				6EF67DDC1D757A1100ED8EAA /* Resources */,
			);
			buildRules = (
			);
			dependencies = (
			);
			name = SQLITE_MUSIC;
			productName = SQLITE_MUSIC;
			productReference = 6EF67DDE1D757A1100ED8EAA /* SQLITE_MUSIC.app */;
			productType = "com.apple.product-type.application";
		};
/* End PBXNativeTarget section */

/* Begin PBXProject section */
		6EF67DD61D757A1100ED8EAA /* Project object */ = {
			isa = PBXProject;
			attributes = {
				LastSwiftUpdateCheck = 0730;
				LastUpgradeCheck = 0730;
				ORGANIZATIONNAME = CanhDang;
				TargetAttributes = {
					6EF67DDD1D757A1100ED8EAA = {
						CreatedOnToolsVersion = 7.3;
					};
				};
			};
			buildConfigurationList = 6EF67DD91D757A1100ED8EAA /* Build configuration list for PBXProject "SQLITE_MUSIC" */;
			compatibilityVersion = "Xcode 3.2";
			developmentRegion = English;
			hasScannedForEncodings = 0;
			knownRegions = (
				en,
				Base,
			);
			mainGroup = 6EF67DD51D757A1100ED8EAA;
			productRefGroup = 6EF67DDF1D757A1100ED8EAA /* Products */;
			projectDirPath = "";
			projectRoot = "";
			targets = (
				6EF67DDD1D757A1100ED8EAA /* SQLITE_MUSIC */,
			);
		};
/* End PBXProject section */

/* Begin PBXResourcesBuildPhase section */
		6EF67DDC1D757A1100ED8EAA /* Resources */ = {
			isa = PBXResourcesBuildPhase;
			buildActionMask = 2147483647;
			files = (
				6E5AEF481D7D148400A79254 /* Điệp Khúc Mùa Xuân.jpg in Resources */,
				6E5AEF421D7D143900A79254 /* Chỉ Mong Trái Tim Người.jpg in Resources */,
				6E5AEF551D7D149A00A79254 /* Gái Nhà Lành.jpg in Resources */,
				6E5AEF561D7D149A00A79254 /* LYNA THÙY LINH.jpg in Resources */,
				6E5AEF331D7D13C800A79254 /* Anh Bỏ Thuốc Em Sẽ Yêu - Lyna Thùy Linh.jpg in Resources */,
				6E5AEF5A1D7D14A600A79254 /* Chủ Nhật Buồn.jpg in Resources */,
				6E5AEF541D7D149A00A79254 /* Anh Bỏ Thuốc Em Sẽ Yêu.jpg in Resources */,
				6E5AEF3B1D7D13F400A79254 /* Đếm Ngày Xa Em - Lou Hoàng,OnlyC.jpg in Resources */,
				6E5AEF471D7D148400A79254 /* Anh Cứ Đi Đi - Hari Won.jpg in Resources */,
				6E5AEF411D7D143900A79254 /* Chiến Binh.jpg in Resources */,
				6E5AEF371D7D13D800A79254 /* Bí Mật Bị Thời Gian Vùi Lấp.jpg in Resources */,
				6E5AEF4E1D7D148C00A79254 /* Yêu Một Người Có Lẽ.jpg in Resources */,
				6EF67E051D757AE700ED8EAA /* Info.plist in Resources */,
				6E5AEF431D7D143900A79254 /* Tình Yêu Nhạt Màu (Bí Mật Bị Thời Gian Vùi Lấp OST).jpg in Resources */,
				6E5AEF4D1D7D148C00A79254 /* LOUHOANG.jpg in Resources */,
				6EF67DEC1D757A1100ED8EAA /* LaunchScreen.storyboard in Resources */,
				6E5AEF4F1D7D148C00A79254 /* Đếm Ngày Xa Em.jpg in Resources */,
				6EF67DE91D757A1100ED8EAA /* Assets.xcassets in Resources */,
				6E5AEF391D7D13E500A79254 /* Yêu Một Người Không Sai.jpg in Resources */,
				6E5AEF5B1D7D14A600A79254 /* Yêu Một Người Không Sai.jpg in Resources */,
				6E5AEF351D7D13CE00A79254 /* Anh Cứ Đi Đi.jpg in Resources */,
				6EF67DE71D757A1100ED8EAA /* Main.storyboard in Resources */,
			);
			runOnlyForDeploymentPostprocessing = 0;
		};
/* End PBXResourcesBuildPhase section */

/* Begin PBXSourcesBuildPhase section */
		6EF67DDA1D757A1100ED8EAA /* Sources */ = {
			isa = PBXSourcesBuildPhase;
			buildActionMask = 2147483647;
			files = (
				6EF8AF471D7D601C002A8638 /* TableViewCellBase.swift in Sources */,
				6EF67E001D757AE700ED8EAA /* FMDatabase.m in Sources */,
				6EF8AF4D1D7D71CE002A8638 /* TableViewCellPlaylist.swift in Sources */,
				6E070B531D7810460026C7DD /* ViewAlbums.swift in Sources */,
				6EF67DE41D757A1100ED8EAA /* ViewController.swift in Sources */,
				6E4CC96F1D7E68080089528E /* Label.swift in Sources */,
				6EF8AF491D7D71B1002A8638 /* TableViewCellSong.swift in Sources */,
				6EF67E041D757AE700ED8EAA /* FMResultSet.m in Sources */,
				6EF8AF4B1D7D71C0002A8638 /* TableViewCellArtist.swift in Sources */,
				6E070B511D7810350026C7DD /* ViewSongs.swift in Sources */,
				6E070B551D7810580026C7DD /* ViewArtists.swift in Sources */,
				6EF67E021D757AE700ED8EAA /* FMDatabasePool.m in Sources */,
				6E070B571D78106A0026C7DD /* ViewPlaylists.swift in Sources */,
				6E3FFEDA1D7FFFC100131738 /* AddView.swift in Sources */,
				6E4CC96C1D7E63270089528E /* ListView.swift in Sources */,
				6E070B4C1D780F880026C7DD /* ViewControllerTableBase.swift in Sources */,
				6EF67DE21D757A1100ED8EAA /* AppDelegate.swift in Sources */,
				6EF67E011D757AE700ED8EAA /* FMDatabaseAdditions.m in Sources */,
				6EF5363B1D7ECF6A009F84CC /* Protocol.swift in Sources */,
				6E070B4A1D780F650026C7DD /* ViewControllerBase.swift in Sources */,
				6E070B4E1D780FE00026C7DD /* ViewControllerCollectionBase.swift in Sources */,
				6EF67E0B1D757FE600ED8EAA /* DataBase.swift in Sources */,
				6EF67E031D757AE700ED8EAA /* FMDatabaseQueue.m in Sources */,
			);
			runOnlyForDeploymentPostprocessing = 0;
		};
/* End PBXSourcesBuildPhase section */

/* Begin PBXVariantGroup section */
		6EF67DE51D757A1100ED8EAA /* Main.storyboard */ = {
			isa = PBXVariantGroup;
			children = (
				6EF67DE61D757A1100ED8EAA /* Base */,
			);
			name = Main.storyboard;
			sourceTree = "<group>";
		};
		6EF67DEA1D757A1100ED8EAA /* LaunchScreen.storyboard */ = {
			isa = PBXVariantGroup;
			children = (
				6EF67DEB1D757A1100ED8EAA /* Base */,
			);
			name = LaunchScreen.storyboard;
			sourceTree = "<group>";
		};
/* End PBXVariantGroup section */

/* Begin XCBuildConfiguration section */
		6EF67DEE1D757A1100ED8EAA /* Debug */ = {
			isa = XCBuildConfiguration;
			buildSettings = {
				ALWAYS_SEARCH_USER_PATHS = NO;
				CLANG_ANALYZER_NONNULL = YES;
				CLANG_CXX_LANGUAGE_STANDARD = "gnu++0x";
				CLANG_CXX_LIBRARY = "libc++";
				CLANG_ENABLE_MODULES = YES;
				CLANG_ENABLE_OBJC_ARC = YES;
				CLANG_WARN_BOOL_CONVERSION = YES;
				CLANG_WARN_CONSTANT_CONVERSION = YES;
				CLANG_WARN_DIRECT_OBJC_ISA_USAGE = YES_ERROR;
				CLANG_WARN_EMPTY_BODY = YES;
				CLANG_WARN_ENUM_CONVERSION = YES;
				CLANG_WARN_INT_CONVERSION = YES;
				CLANG_WARN_OBJC_ROOT_CLASS = YES_ERROR;
				CLANG_WARN_UNREACHABLE_CODE = YES;
				CLANG_WARN__DUPLICATE_METHOD_MATCH = YES;
				"CODE_SIGN_IDENTITY[sdk=iphoneos*]" = "iPhone Developer";
				COPY_PHASE_STRIP = NO;
				DEBUG_INFORMATION_FORMAT = dwarf;
				ENABLE_STRICT_OBJC_MSGSEND = YES;
				ENABLE_TESTABILITY = YES;
				GCC_C_LANGUAGE_STANDARD = gnu99;
				GCC_DYNAMIC_NO_PIC = NO;
				GCC_NO_COMMON_BLOCKS = YES;
				GCC_OPTIMIZATION_LEVEL = 0;
				GCC_PREPROCESSOR_DEFINITIONS = (
					"DEBUG=1",
					"$(inherited)",
				);
				GCC_WARN_64_TO_32_BIT_CONVERSION = YES;
				GCC_WARN_ABOUT_RETURN_TYPE = YES_ERROR;
				GCC_WARN_UNDECLARED_SELECTOR = YES;
				GCC_WARN_UNINITIALIZED_AUTOS = YES_AGGRESSIVE;
				GCC_WARN_UNUSED_FUNCTION = YES;
				GCC_WARN_UNUSED_VARIABLE = YES;
				IPHONEOS_DEPLOYMENT_TARGET = 9.3;
				MTL_ENABLE_DEBUG_INFO = YES;
				ONLY_ACTIVE_ARCH = YES;
				SDKROOT = iphoneos;
				SWIFT_OPTIMIZATION_LEVEL = "-Onone";
				TARGETED_DEVICE_FAMILY = "1,2";
			};
			name = Debug;
		};
		6EF67DEF1D757A1100ED8EAA /* Release */ = {
			isa = XCBuildConfiguration;
			buildSettings = {
				ALWAYS_SEARCH_USER_PATHS = NO;
				CLANG_ANALYZER_NONNULL = YES;
				CLANG_CXX_LANGUAGE_STANDARD = "gnu++0x";
				CLANG_CXX_LIBRARY = "libc++";
				CLANG_ENABLE_MODULES = YES;
				CLANG_ENABLE_OBJC_ARC = YES;
				CLANG_WARN_BOOL_CONVERSION = YES;
				CLANG_WARN_CONSTANT_CONVERSION = YES;
				CLANG_WARN_DIRECT_OBJC_ISA_USAGE = YES_ERROR;
				CLANG_WARN_EMPTY_BODY = YES;
				CLANG_WARN_ENUM_CONVERSION = YES;
				CLANG_WARN_INT_CONVERSION = YES;
				CLANG_WARN_OBJC_ROOT_CLASS = YES_ERROR;
				CLANG_WARN_UNREACHABLE_CODE = YES;
				CLANG_WARN__DUPLICATE_METHOD_MATCH = YES;
				"CODE_SIGN_IDENTITY[sdk=iphoneos*]" = "iPhone Developer";
				COPY_PHASE_STRIP = NO;
				DEBUG_INFORMATION_FORMAT = "dwarf-with-dsym";
				ENABLE_NS_ASSERTIONS = NO;
				ENABLE_STRICT_OBJC_MSGSEND = YES;
				GCC_C_LANGUAGE_STANDARD = gnu99;
				GCC_NO_COMMON_BLOCKS = YES;
				GCC_WARN_64_TO_32_BIT_CONVERSION = YES;
				GCC_WARN_ABOUT_RETURN_TYPE = YES_ERROR;
				GCC_WARN_UNDECLARED_SELECTOR = YES;
				GCC_WARN_UNINITIALIZED_AUTOS = YES_AGGRESSIVE;
				GCC_WARN_UNUSED_FUNCTION = YES;
				GCC_WARN_UNUSED_VARIABLE = YES;
				IPHONEOS_DEPLOYMENT_TARGET = 9.3;
				MTL_ENABLE_DEBUG_INFO = NO;
				SDKROOT = iphoneos;
				TARGETED_DEVICE_FAMILY = "1,2";
				VALIDATE_PRODUCT = YES;
			};
			name = Release;
		};
		6EF67DF11D757A1100ED8EAA /* Debug */ = {
			isa = XCBuildConfiguration;
			buildSettings = {
				ASSETCATALOG_COMPILER_APPICON_NAME = AppIcon;
				INFOPLIST_FILE = SQLITE_MUSIC/Info.plist;
				LD_RUNPATH_SEARCH_PATHS = "$(inherited) @executable_path/Frameworks";
				PRODUCT_BUNDLE_IDENTIFIER = "vn.techmaster.SQLITE-MUSIC";
				PRODUCT_NAME = "$(TARGET_NAME)";
				SWIFT_OBJC_BRIDGING_HEADER = "SQLITE_MUSIC/SQLITE_MUSIC-Briding-Header.h";
			};
			name = Debug;
		};
		6EF67DF21D757A1100ED8EAA /* Release */ = {
			isa = XCBuildConfiguration;
			buildSettings = {
				ASSETCATALOG_COMPILER_APPICON_NAME = AppIcon;
				INFOPLIST_FILE = SQLITE_MUSIC/Info.plist;
				LD_RUNPATH_SEARCH_PATHS = "$(inherited) @executable_path/Frameworks";
				PRODUCT_BUNDLE_IDENTIFIER = "vn.techmaster.SQLITE-MUSIC";
				PRODUCT_NAME = "$(TARGET_NAME)";
				SWIFT_OBJC_BRIDGING_HEADER = "SQLITE_MUSIC/SQLITE_MUSIC-Briding-Header.h";
			};
			name = Release;
		};
/* End XCBuildConfiguration section */

/* Begin XCConfigurationList section */
		6EF67DD91D757A1100ED8EAA /* Build configuration list for PBXProject "SQLITE_MUSIC" */ = {
			isa = XCConfigurationList;
			buildConfigurations = (
				6EF67DEE1D757A1100ED8EAA /* Debug */,
				6EF67DEF1D757A1100ED8EAA /* Release */,
			);
			defaultConfigurationIsVisible = 0;
			defaultConfigurationName = Release;
		};
		6EF67DF01D757A1100ED8EAA /* Build configuration list for PBXNativeTarget "SQLITE_MUSIC" */ = {
			isa = XCConfigurationList;
			buildConfigurations = (
				6EF67DF11D757A1100ED8EAA /* Debug */,
				6EF67DF21D757A1100ED8EAA /* Release */,
			);
			defaultConfigurationIsVisible = 0;
			defaultConfigurationName = Release;
		};
/* End XCConfigurationList section */
	};
	rootObject = 6EF67DD61D757A1100ED8EAA /* Project object */;
}
